
Microsoft Visual Studio Solution File, Format Version 12.00
# Visual Studio 15
VisualStudioVersion = 15.0.26730.8
MinimumVisualStudioVersion = 10.0.40219.1
Project("{FAE04EC0-301F-11D3-BF4B-00C04F79EFBC}") = "CursorSavePOC", "CursorSavePOC\CursorSavePOC.csproj", "{A594446A-D12D-4289-A7D3-3A3EAC802494}"
EndProject
Global
	GlobalSection(SolutionConfigurationPlatforms) = preSolution
		Debug|Any CPU = Debug|Any CPU
		Release|Any CPU = Release|Any CPU
	EndGlobalSection
	GlobalSection(ProjectConfigurationPlatforms) = postSolution
		{A594446A-D12D-4289-A7D3-3A3EAC802494}.Debug|Any CPU.ActiveCfg = Debug|Any CPU
		{A594446A-D12D-4289-A7D3-3A3EAC802494}.Debug|Any CPU.Build.0 = Debug|Any CPU
		{A594446A-D12D-4289-A7D3-3A3EAC802494}.Release|Any CPU.ActiveCfg = Release|Any CPU
		{A594446A-D12D-4289-A7D3-3A3EAC802494}.Release|Any CPU.Build.0 = Release|Any CPU
	EndGlobalSection
	GlobalSection(SolutionProperties) = preSolution
		HideSolutionNode = FALSE
	EndGlobalSection
	GlobalSection(ExtensibilityGlobals) = postSolution
		SolutionGuid = {1604DF79-D996-4A55-BF11-4E5356189A8D}
	EndGlobalSection
EndGlobal
