
Microsoft Visual Studio Solution File, Format Version 12.00
# Visual Studio 15
VisualStudioVersion = 15.0.26730.8
MinimumVisualStudioVersion = 10.0.40219.1
Project("{FAE04EC0-301F-11D3-BF4B-00C04F79EFBC}") = "DBTests1", "DBTests1\DBTests1.csproj", "{FF7B5F38-F7BC-45F8-B53F-D5F9BF9B40BF}"
EndProject
Global
	GlobalSection(SolutionConfigurationPlatforms) = preSolution
		Debug|Any CPU = Debug|Any CPU
		Release|Any CPU = Release|Any CPU
	EndGlobalSection
	GlobalSection(ProjectConfigurationPlatforms) = postSolution
		{FF7B5F38-F7BC-45F8-B53F-D5F9BF9B40BF}.Debug|Any CPU.ActiveCfg = Debug|Any CPU
		{FF7B5F38-F7BC-45F8-B53F-D5F9BF9B40BF}.Debug|Any CPU.Build.0 = Debug|Any CPU
		{FF7B5F38-F7BC-45F8-B53F-D5F9BF9B40BF}.Release|Any CPU.ActiveCfg = Release|Any CPU
		{FF7B5F38-F7BC-45F8-B53F-D5F9BF9B40BF}.Release|Any CPU.Build.0 = Release|Any CPU
	EndGlobalSection
	GlobalSection(SolutionProperties) = preSolution
		HideSolutionNode = FALSE
	EndGlobalSection
	GlobalSection(ExtensibilityGlobals) = postSolution
		SolutionGuid = {C924CDD9-DAA3-4931-9AA1-F5E4B7C47602}
	EndGlobalSection
EndGlobal
