
Microsoft Visual Studio Solution File, Format Version 12.00
# Visual Studio 15
VisualStudioVersion = 15.0.26730.8
MinimumVisualStudioVersion = 10.0.40219.1
Project("{FAE04EC0-301F-11D3-BF4B-00C04F79EFBC}") = "SynchedWebDeploy", "SynchedWebDeploy\SynchedWebDeploy.csproj", "{2F1310F9-58C6-4E2A-B97B-44286B8F61EC}"
EndProject
Global
	GlobalSection(SolutionConfigurationPlatforms) = preSolution
		Debug|Any CPU = Debug|Any CPU
		Release|Any CPU = Release|Any CPU
	EndGlobalSection
	GlobalSection(ProjectConfigurationPlatforms) = postSolution
		{2F1310F9-58C6-4E2A-B97B-44286B8F61EC}.Debug|Any CPU.ActiveCfg = Debug|Any CPU
		{2F1310F9-58C6-4E2A-B97B-44286B8F61EC}.Debug|Any CPU.Build.0 = Debug|Any CPU
		{2F1310F9-58C6-4E2A-B97B-44286B8F61EC}.Release|Any CPU.ActiveCfg = Release|Any CPU
		{2F1310F9-58C6-4E2A-B97B-44286B8F61EC}.Release|Any CPU.Build.0 = Release|Any CPU
	EndGlobalSection
	GlobalSection(SolutionProperties) = preSolution
		HideSolutionNode = FALSE
	EndGlobalSection
	GlobalSection(ExtensibilityGlobals) = postSolution
		SolutionGuid = {939F163F-6EC9-453D-9B3D-FF654FA48B92}
	EndGlobalSection
EndGlobal
